
Microsoft Visual Studio Solution File, Format Version 12.00
# Visual Studio Version 17
VisualStudioVersion = 17.2.32616.157
MinimumVisualStudioVersion = 10.0.40219.1
Project("{9A19103F-16F7-4668-BE54-9A1E7A4F7556}") = "Church Presenter", "Church Presenter\Church Presenter.csproj", "{22BA5BD3-6721-41C2-ABB7-67593E69D8CD}"
EndProject
Project("{9A19103F-16F7-4668-BE54-9A1E7A4F7556}") = "ChurchPresenter.Core", "ChurchPresenter.Core\ChurchPresenter.Core.csproj", "{09647A8C-CBD3-42E3-8D3D-5B4440EB337D}"
EndProject
Project("{FAE04EC0-301F-11D3-BF4B-00C04F79EFBC}") = "ChurchPresenter.Infrastructure", "ChurchPresenter.Infrastructure\ChurchPresenter.Infrastructure.csproj", "{A7460D27-F033-4355-BC8B-7B9C69F472A0}"
EndProject
Global
	GlobalSection(SolutionConfigurationPlatforms) = preSolution
		Debug|Any CPU = Debug|Any CPU
		Release|Any CPU = Release|Any CPU
	EndGlobalSection
	GlobalSection(ProjectConfigurationPlatforms) = postSolution
		{22BA5BD3-6721-41C2-ABB7-67593E69D8CD}.Debug|Any CPU.ActiveCfg = Debug|Any CPU
		{22BA5BD3-6721-41C2-ABB7-67593E69D8CD}.Debug|Any CPU.Build.0 = Debug|Any CPU
		{22BA5BD3-6721-41C2-ABB7-67593E69D8CD}.Release|Any CPU.ActiveCfg = Release|Any CPU
		{22BA5BD3-6721-41C2-ABB7-67593E69D8CD}.Release|Any CPU.Build.0 = Release|Any CPU
		{09647A8C-CBD3-42E3-8D3D-5B4440EB337D}.Debug|Any CPU.ActiveCfg = Debug|Any CPU
		{09647A8C-CBD3-42E3-8D3D-5B4440EB337D}.Debug|Any CPU.Build.0 = Debug|Any CPU
		{09647A8C-CBD3-42E3-8D3D-5B4440EB337D}.Release|Any CPU.ActiveCfg = Release|Any CPU
		{09647A8C-CBD3-42E3-8D3D-5B4440EB337D}.Release|Any CPU.Build.0 = Release|Any CPU
		{A7460D27-F033-4355-BC8B-7B9C69F472A0}.Debug|Any CPU.ActiveCfg = Debug|Any CPU
		{A7460D27-F033-4355-BC8B-7B9C69F472A0}.Debug|Any CPU.Build.0 = Debug|Any CPU
		{A7460D27-F033-4355-BC8B-7B9C69F472A0}.Release|Any CPU.ActiveCfg = Release|Any CPU
		{A7460D27-F033-4355-BC8B-7B9C69F472A0}.Release|Any CPU.Build.0 = Release|Any CPU
	EndGlobalSection
	GlobalSection(SolutionProperties) = preSolution
		HideSolutionNode = FALSE
	EndGlobalSection
	GlobalSection(ExtensibilityGlobals) = postSolution
		SolutionGuid = {15DD161F-95F1-4F03-9537-08043F6A76BD}
	EndGlobalSection
EndGlobal
